
Microsoft Visual Studio Solution File, Format Version 12.00
# Visual Studio for Mac
Project("{FAE04EC0-301F-11D3-BF4B-00C04F79EFBC}") = "Assembly-CSharp", "Assembly-CSharp.csproj", "{8ADB78C1-1D53-18FC-CCBD-B9BBDCADF19E}"
EndProject
Project("{FAE04EC0-301F-11D3-BF4B-00C04F79EFBC}") = "Assembly-CSharp-firstpass", "Assembly-CSharp-firstpass.csproj", "{DE61185A-AA48-3A76-FE8C-D802619ABE17}"
EndProject
Project("{FAE04EC0-301F-11D3-BF4B-00C04F79EFBC}") = "Assembly-CSharp-Editor-firstpass", "Assembly-CSharp-Editor-firstpass.csproj", "{7B99DDFC-E938-A88A-669C-95BAEC186B60}"
EndProject
Global
	GlobalSection(SolutionConfigurationPlatforms) = preSolution
		Debug|Any CPU = Debug|Any CPU
		Release|Any CPU = Release|Any CPU
	EndGlobalSection
	GlobalSection(ProjectConfigurationPlatforms) = postSolution
		{8ADB78C1-1D53-18FC-CCBD-B9BBDCADF19E}.Debug|Any CPU.ActiveCfg = Debug|Any CPU
		{8ADB78C1-1D53-18FC-CCBD-B9BBDCADF19E}.Debug|Any CPU.Build.0 = Debug|Any CPU
		{8ADB78C1-1D53-18FC-CCBD-B9BBDCADF19E}.Release|Any CPU.ActiveCfg = Release|Any CPU
		{8ADB78C1-1D53-18FC-CCBD-B9BBDCADF19E}.Release|Any CPU.Build.0 = Release|Any CPU
		{DE61185A-AA48-3A76-FE8C-D802619ABE17}.Debug|Any CPU.ActiveCfg = Debug|Any CPU
		{DE61185A-AA48-3A76-FE8C-D802619ABE17}.Debug|Any CPU.Build.0 = Debug|Any CPU
		{DE61185A-AA48-3A76-FE8C-D802619ABE17}.Release|Any CPU.ActiveCfg = Release|Any CPU
		{DE61185A-AA48-3A76-FE8C-D802619ABE17}.Release|Any CPU.Build.0 = Release|Any CPU
		{7B99DDFC-E938-A88A-669C-95BAEC186B60}.Debug|Any CPU.ActiveCfg = Debug|Any CPU
		{7B99DDFC-E938-A88A-669C-95BAEC186B60}.Debug|Any CPU.Build.0 = Debug|Any CPU
		{7B99DDFC-E938-A88A-669C-95BAEC186B60}.Release|Any CPU.ActiveCfg = Release|Any CPU
		{7B99DDFC-E938-A88A-669C-95BAEC186B60}.Release|Any CPU.Build.0 = Release|Any CPU
	EndGlobalSection
	GlobalSection(SolutionProperties) = preSolution
		HideSolutionNode = FALSE
	EndGlobalSection
EndGlobal
